// !$*UTF8*$!
{
	archiveVersion = 1;
	classes = {
	};
	objectVersion = 46;
	objects = {

/* Begin PBXBuildFile section */
		94A50A181ABBA02100905E82 /* main.m in Sources */ = {isa = PBXBuildFile; fileRef = 94A50A171ABBA02100905E82 /* main.m */; };
		94A50A1B1ABBA02100905E82 /* AppDelegate.m in Sources */ = {isa = PBXBuildFile; fileRef = 94A50A1A1ABBA02100905E82 /* AppDelegate.m */; };
		94A50A1E1ABBA02100905E82 /* GameScene.m in Sources */ = {isa = PBXBuildFile; fileRef = 94A50A1D1ABBA02100905E82 /* GameScene.m */; };
		94A50A201ABBA02100905E82 /* GameScene.sks in Resources */ = {isa = PBXBuildFile; fileRef = 94A50A1F1ABBA02100905E82 /* GameScene.sks */; };
		94A50A231ABBA02100905E82 /* GameViewController.m in Sources */ = {isa = PBXBuildFile; fileRef = 94A50A221ABBA02100905E82 /* GameViewController.m */; };
		94A50A261ABBA02100905E82 /* Main.storyboard in Resources */ = {isa = PBXBuildFile; fileRef = 94A50A241ABBA02100905E82 /* Main.storyboard */; };
		94A50A281ABBA02200905E82 /* Images.xcassets in Resources */ = {isa = PBXBuildFile; fileRef = 94A50A271ABBA02200905E82 /* Images.xcassets */; };
		94A50A2B1ABBA02200905E82 /* LaunchScreen.xib in Resources */ = {isa = PBXBuildFile; fileRef = 94A50A291ABBA02200905E82 /* LaunchScreen.xib */; };
		94A50A371ABBA02200905E82 /* factsTests.m in Sources */ = {isa = PBXBuildFile; fileRef = 94A50A361ABBA02200905E82 /* factsTests.m */; };
		94A50A5E1ABCE50000905E82 /* FactsScene.m in Sources */ = {isa = PBXBuildFile; fileRef = 94A50A5D1ABCE50000905E82 /* FactsScene.m */; };
		94A50A611ABCE54700905E82 /* OptionsScene.m in Sources */ = {isa = PBXBuildFile; fileRef = 94A50A601ABCE54700905E82 /* OptionsScene.m */; };
		94A50A641ABD2DB000905E82 /* LevelSelect.m in Sources */ = {isa = PBXBuildFile; fileRef = 94A50A631ABD2DB000905E82 /* LevelSelect.m */; };
		94A50A661ABD6D0100905E82 /* LevelDescription.plist in Resources */ = {isa = PBXBuildFile; fileRef = 94A50A651ABD6D0100905E82 /* LevelDescription.plist */; };
		94A50A691ABD7B4B00905E82 /* factObject.m in Sources */ = {isa = PBXBuildFile; fileRef = 94A50A681ABD7B4B00905E82 /* factObject.m */; };
		94A50A791ABE7C5800905E82 /* back.png in Resources */ = {isa = PBXBuildFile; fileRef = 94A50A6A1ABE7C5800905E82 /* back.png */; };
		94A50A7A1ABE7C5800905E82 /* background.png in Resources */ = {isa = PBXBuildFile; fileRef = 94A50A6B1ABE7C5800905E82 /* background.png */; };
		94A50A7B1ABE7C5800905E82 /* correct.png in Resources */ = {isa = PBXBuildFile; fileRef = 94A50A6C1ABE7C5800905E82 /* correct.png */; };
		94A50A7C1ABE7C5800905E82 /* ExitBtn.png in Resources */ = {isa = PBXBuildFile; fileRef = 94A50A6D1ABE7C5800905E82 /* ExitBtn.png */; };
		94A50A7D1ABE7C5800905E82 /* falseBtn.png in Resources */ = {isa = PBXBuildFile; fileRef = 94A50A6E1ABE7C5800905E82 /* falseBtn.png */; };
		94A50A7E1ABE7C5800905E82 /* OptionsBtn.png in Resources */ = {isa = PBXBuildFile; fileRef = 94A50A6F1ABE7C5800905E82 /* OptionsBtn.png */; };
		94A50A7F1ABE7C5800905E82 /* right.mp3 in Resources */ = {isa = PBXBuildFile; fileRef = 94A50A701ABE7C5800905E82 /* right.mp3 */; };
		94A50A801ABE7C5800905E82 /* StartBtn.png in Resources */ = {isa = PBXBuildFile; fileRef = 94A50A711ABE7C5800905E82 /* StartBtn.png */; };
		94A50A811ABE7C5800905E82 /* transparentCenterBorder.png in Resources */ = {isa = PBXBuildFile; fileRef = 94A50A721ABE7C5800905E82 /* transparentCenterBorder.png */; };
		94A50A821ABE7C5800905E82 /* trueBtn.png in Resources */ = {isa = PBXBuildFile; fileRef = 94A50A731ABE7C5800905E82 /* trueBtn.png */; };
		94A50A831ABE7C5800905E82 /* wrong.png in Resources */ = {isa = PBXBuildFile; fileRef = 94A50A741ABE7C5800905E82 /* wrong.png */; };
		94A50A841ABE7C5800905E82 /* appleLogo.png in Resources */ = {isa = PBXBuildFile; fileRef = 94A50A751ABE7C5800905E82 /* appleLogo.png */; };
		94A50A851ABE7C5800905E82 /* hearth.png in Resources */ = {isa = PBXBuildFile; fileRef = 94A50A761ABE7C5800905E82 /* hearth.png */; };
		94A50A861ABE7C5800905E82 /* music.mp3 in Resources */ = {isa = PBXBuildFile; fileRef = 94A50A771ABE7C5800905E82 /* music.mp3 */; };
		94A50A871ABE7C5800905E82 /* wrong.mp3 in Resources */ = {isa = PBXBuildFile; fileRef = 94A50A781ABE7C5800905E82 /* wrong.mp3 */; };
		94A50A891ABE7F8000905E82 /* beep.mp3 in Resources */ = {isa = PBXBuildFile; fileRef = 94A50A881ABE7F8000905E82 /* beep.mp3 */; };
/* End PBXBuildFile section */

/* Begin PBXContainerItemProxy section */
		94A50A311ABBA02200905E82 /* PBXContainerItemProxy */ = {
			isa = PBXContainerItemProxy;
			containerPortal = 94A50A0A1ABBA02100905E82 /* Project object */;
			proxyType = 1;
			remoteGlobalIDString = 94A50A111ABBA02100905E82;
			remoteInfo = facts;
		};
/* End PBXContainerItemProxy section */

/* Begin PBXFileReference section */
		94A50A121ABBA02100905E82 /* facts.app */ = {isa = PBXFileReference; explicitFileType = wrapper.application; includeInIndex = 0; path = facts.app; sourceTree = BUILT_PRODUCTS_DIR; };
		94A50A161ABBA02100905E82 /* Info.plist */ = {isa = PBXFileReference; lastKnownFileType = text.plist.xml; path = Info.plist; sourceTree = "<group>"; };
		94A50A171ABBA02100905E82 /* main.m */ = {isa = PBXFileReference; lastKnownFileType = sourcecode.c.objc; path = main.m; sourceTree = "<group>"; };
		94A50A191ABBA02100905E82 /* AppDelegate.h */ = {isa = PBXFileReference; lastKnownFileType = sourcecode.c.h; path = AppDelegate.h; sourceTree = "<group>"; };
		94A50A1A1ABBA02100905E82 /* AppDelegate.m */ = {isa = PBXFileReference; lastKnownFileType = sourcecode.c.objc; path = AppDelegate.m; sourceTree = "<group>"; };
		94A50A1C1ABBA02100905E82 /* GameScene.h */ = {isa = PBXFileReference; lastKnownFileType = sourcecode.c.h; path = GameScene.h; sourceTree = "<group>"; };
		94A50A1D1ABBA02100905E82 /* GameScene.m */ = {isa = PBXFileReference; lastKnownFileType = sourcecode.c.objc; path = GameScene.m; sourceTree = "<group>"; };
		94A50A1F1ABBA02100905E82 /* GameScene.sks */ = {isa = PBXFileReference; lastKnownFileType = file.sks; path = GameScene.sks; sourceTree = "<group>"; };
		94A50A211ABBA02100905E82 /* GameViewController.h */ = {isa = PBXFileReference; lastKnownFileType = sourcecode.c.h; path = GameViewController.h; sourceTree = "<group>"; };
		94A50A221ABBA02100905E82 /* GameViewController.m */ = {isa = PBXFileReference; lastKnownFileType = sourcecode.c.objc; path = GameViewController.m; sourceTree = "<group>"; };
		94A50A251ABBA02100905E82 /* Base */ = {isa = PBXFileReference; lastKnownFileType = file.storyboard; name = Base; path = Base.lproj/Main.storyboard; sourceTree = "<group>"; };
		94A50A271ABBA02200905E82 /* Images.xcassets */ = {isa = PBXFileReference; lastKnownFileType = folder.assetcatalog; path = Images.xcassets; sourceTree = "<group>"; };
		94A50A2A1ABBA02200905E82 /* Base */ = {isa = PBXFileReference; lastKnownFileType = file.xib; name = Base; path = Base.lproj/LaunchScreen.xib; sourceTree = "<group>"; };
		94A50A301ABBA02200905E82 /* factsTests.xctest */ = {isa = PBXFileReference; explicitFileType = wrapper.cfbundle; includeInIndex = 0; path = factsTests.xctest; sourceTree = BUILT_PRODUCTS_DIR; };
		94A50A351ABBA02200905E82 /* Info.plist */ = {isa = PBXFileReference; lastKnownFileType = text.plist.xml; path = Info.plist; sourceTree = "<group>"; };
		94A50A361ABBA02200905E82 /* factsTests.m */ = {isa = PBXFileReference; lastKnownFileType = sourcecode.c.objc; path = factsTests.m; sourceTree = "<group>"; };
		94A50A5C1ABCE4FF00905E82 /* FactsScene.h */ = {isa = PBXFileReference; fileEncoding = 4; lastKnownFileType = sourcecode.c.h; path = FactsScene.h; sourceTree = "<group>"; };
		94A50A5D1ABCE50000905E82 /* FactsScene.m */ = {isa = PBXFileReference; fileEncoding = 4; lastKnownFileType = sourcecode.c.objc; path = FactsScene.m; sourceTree = "<group>"; };
		94A50A5F1ABCE54700905E82 /* OptionsScene.h */ = {isa = PBXFileReference; fileEncoding = 4; lastKnownFileType = sourcecode.c.h; path = OptionsScene.h; sourceTree = "<group>"; };
		94A50A601ABCE54700905E82 /* OptionsScene.m */ = {isa = PBXFileReference; fileEncoding = 4; lastKnownFileType = sourcecode.c.objc; path = OptionsScene.m; sourceTree = "<group>"; };
		94A50A621ABD2DB000905E82 /* LevelSelect.h */ = {isa = PBXFileReference; fileEncoding = 4; lastKnownFileType = sourcecode.c.h; path = LevelSelect.h; sourceTree = "<group>"; };
		94A50A631ABD2DB000905E82 /* LevelSelect.m */ = {isa = PBXFileReference; fileEncoding = 4; lastKnownFileType = sourcecode.c.objc; path = LevelSelect.m; sourceTree = "<group>"; };
		94A50A651ABD6D0100905E82 /* LevelDescription.plist */ = {isa = PBXFileReference; fileEncoding = 4; lastKnownFileType = text.plist.xml; name = LevelDescription.plist; path = ../LevelDescription.plist; sourceTree = "<group>"; };
		94A50A671ABD7B4B00905E82 /* factObject.h */ = {isa = PBXFileReference; fileEncoding = 4; lastKnownFileType = sourcecode.c.h; path = factObject.h; sourceTree = "<group>"; };
		94A50A681ABD7B4B00905E82 /* factObject.m */ = {isa = PBXFileReference; fileEncoding = 4; lastKnownFileType = sourcecode.c.objc; path = factObject.m; sourceTree = "<group>"; };
		94A50A6A1ABE7C5800905E82 /* back.png */ = {isa = PBXFileReference; lastKnownFileType = image.png; path = back.png; sourceTree = "<group>"; };
		94A50A6B1ABE7C5800905E82 /* background.png */ = {isa = PBXFileReference; lastKnownFileType = image.png; path = background.png; sourceTree = "<group>"; };
		94A50A6C1ABE7C5800905E82 /* correct.png */ = {isa = PBXFileReference; lastKnownFileType = image.png; path = correct.png; sourceTree = "<group>"; };
		94A50A6D1ABE7C5800905E82 /* ExitBtn.png */ = {isa = PBXFileReference; lastKnownFileType = image.png; path = ExitBtn.png; sourceTree = "<group>"; };
		94A50A6E1ABE7C5800905E82 /* falseBtn.png */ = {isa = PBXFileReference; lastKnownFileType = image.png; path = falseBtn.png; sourceTree = "<group>"; };
		94A50A6F1ABE7C5800905E82 /* OptionsBtn.png */ = {isa = PBXFileReference; lastKnownFileType = image.png; path = OptionsBtn.png; sourceTree = "<group>"; };
		94A50A701ABE7C5800905E82 /* right.mp3 */ = {isa = PBXFileReference; lastKnownFileType = audio.mp3; path = right.mp3; sourceTree = "<group>"; };
		94A50A711ABE7C5800905E82 /* StartBtn.png */ = {isa = PBXFileReference; lastKnownFileType = image.png; path = StartBtn.png; sourceTree = "<group>"; };
		94A50A721ABE7C5800905E82 /* transparentCenterBorder.png */ = {isa = PBXFileReference; lastKnownFileType = image.png; path = transparentCenterBorder.png; sourceTree = "<group>"; };
		94A50A731ABE7C5800905E82 /* trueBtn.png */ = {isa = PBXFileReference; lastKnownFileType = image.png; path = trueBtn.png; sourceTree = "<group>"; };
		94A50A741ABE7C5800905E82 /* wrong.png */ = {isa = PBXFileReference; lastKnownFileType = image.png; path = wrong.png; sourceTree = "<group>"; };
		94A50A751ABE7C5800905E82 /* appleLogo.png */ = {isa = PBXFileReference; lastKnownFileType = image.png; path = appleLogo.png; sourceTree = "<group>"; };
		94A50A761ABE7C5800905E82 /* hearth.png */ = {isa = PBXFileReference; lastKnownFileType = image.png; path = hearth.png; sourceTree = "<group>"; };
		94A50A771ABE7C5800905E82 /* music.mp3 */ = {isa = PBXFileReference; lastKnownFileType = audio.mp3; path = music.mp3; sourceTree = "<group>"; };
		94A50A781ABE7C5800905E82 /* wrong.mp3 */ = {isa = PBXFileReference; lastKnownFileType = audio.mp3; path = wrong.mp3; sourceTree = "<group>"; };
		94A50A881ABE7F8000905E82 /* beep.mp3 */ = {isa = PBXFileReference; lastKnownFileType = audio.mp3; path = beep.mp3; sourceTree = "<group>"; };
/* End PBXFileReference section */

/* Begin PBXFrameworksBuildPhase section */
		94A50A0F1ABBA02100905E82 /* Frameworks */ = {
			isa = PBXFrameworksBuildPhase;
			buildActionMask = 2147483647;
			files = (
			);
			runOnlyForDeploymentPostprocessing = 0;
		};
		94A50A2D1ABBA02200905E82 /* Frameworks */ = {
			isa = PBXFrameworksBuildPhase;
			buildActionMask = 2147483647;
			files = (
			);
			runOnlyForDeploymentPostprocessing = 0;
		};
/* End PBXFrameworksBuildPhase section */

/* Begin PBXGroup section */
		94A50A091ABBA02100905E82 = {
			isa = PBXGroup;
			children = (
				94A50A141ABBA02100905E82 /* facts */,
				94A50A331ABBA02200905E82 /* factsTests */,
				94A50A131ABBA02100905E82 /* Products */,
			);
			sourceTree = "<group>";
		};
		94A50A131ABBA02100905E82 /* Products */ = {
			isa = PBXGroup;
			children = (
				94A50A121ABBA02100905E82 /* facts.app */,
				94A50A301ABBA02200905E82 /* factsTests.xctest */,
			);
			name = Products;
			sourceTree = "<group>";
		};
		94A50A141ABBA02100905E82 /* facts */ = {
			isa = PBXGroup;
			children = (
				94A50A191ABBA02100905E82 /* AppDelegate.h */,
				94A50A1A1ABBA02100905E82 /* AppDelegate.m */,
				94A50A1C1ABBA02100905E82 /* GameScene.h */,
				94A50A1D1ABBA02100905E82 /* GameScene.m */,
				94A50A1F1ABBA02100905E82 /* GameScene.sks */,
				94A50A5C1ABCE4FF00905E82 /* FactsScene.h */,
				94A50A5D1ABCE50000905E82 /* FactsScene.m */,
				94A50A671ABD7B4B00905E82 /* factObject.h */,
				94A50A681ABD7B4B00905E82 /* factObject.m */,
				94A50A5F1ABCE54700905E82 /* OptionsScene.h */,
				94A50A601ABCE54700905E82 /* OptionsScene.m */,
				94A50A211ABBA02100905E82 /* GameViewController.h */,
				94A50A221ABBA02100905E82 /* GameViewController.m */,
				94A50A271ABBA02200905E82 /* Images.xcassets */,
				94A50A241ABBA02100905E82 /* Main.storyboard */,
				94A50A291ABBA02200905E82 /* LaunchScreen.xib */,
				94A50A151ABBA02100905E82 /* Supporting Files */,
				94A50A621ABD2DB000905E82 /* LevelSelect.h */,
				94A50A631ABD2DB000905E82 /* LevelSelect.m */,
			);
			path = facts;
			sourceTree = "<group>";
		};
		94A50A151ABBA02100905E82 /* Supporting Files */ = {
			isa = PBXGroup;
			children = (
				94A50A881ABE7F8000905E82 /* beep.mp3 */,
				94A50A6A1ABE7C5800905E82 /* back.png */,
				94A50A6B1ABE7C5800905E82 /* background.png */,
				94A50A6C1ABE7C5800905E82 /* correct.png */,
				94A50A6D1ABE7C5800905E82 /* ExitBtn.png */,
				94A50A6E1ABE7C5800905E82 /* falseBtn.png */,
				94A50A6F1ABE7C5800905E82 /* OptionsBtn.png */,
				94A50A701ABE7C5800905E82 /* right.mp3 */,
				94A50A711ABE7C5800905E82 /* StartBtn.png */,
				94A50A721ABE7C5800905E82 /* transparentCenterBorder.png */,
				94A50A731ABE7C5800905E82 /* trueBtn.png */,
				94A50A741ABE7C5800905E82 /* wrong.png */,
				94A50A751ABE7C5800905E82 /* appleLogo.png */,
				94A50A761ABE7C5800905E82 /* hearth.png */,
				94A50A771ABE7C5800905E82 /* music.mp3 */,
				94A50A781ABE7C5800905E82 /* wrong.mp3 */,
				94A50A651ABD6D0100905E82 /* LevelDescription.plist */,
				94A50A161ABBA02100905E82 /* Info.plist */,
				94A50A171ABBA02100905E82 /* main.m */,
			);
			name = "Supporting Files";
			sourceTree = "<group>";
		};
		94A50A331ABBA02200905E82 /* factsTests */ = {
			isa = PBXGroup;
			children = (
				94A50A361ABBA02200905E82 /* factsTests.m */,
				94A50A341ABBA02200905E82 /* Supporting Files */,
			);
			path = factsTests;
			sourceTree = "<group>";
		};
		94A50A341ABBA02200905E82 /* Supporting Files */ = {
			isa = PBXGroup;
			children = (
				94A50A351ABBA02200905E82 /* Info.plist */,
			);
			name = "Supporting Files";
			sourceTree = "<group>";
		};
/* End PBXGroup section */

/* Begin PBXNativeTarget section */
		94A50A111ABBA02100905E82 /* facts */ = {
			isa = PBXNativeTarget;
			buildConfigurationList = 94A50A3A1ABBA02200905E82 /* Build configuration list for PBXNativeTarget "facts" */;
			buildPhases = (
				94A50A0E1ABBA02100905E82 /* Sources */,
				94A50A0F1ABBA02100905E82 /* Frameworks */,
				94A50A101ABBA02100905E82 /* Resources */,
			);
			buildRules = (
			);
			dependencies = (
			);
			name = facts;
			productName = facts;
			productReference = 94A50A121ABBA02100905E82 /* facts.app */;
			productType = "com.apple.product-type.application";
		};
		94A50A2F1ABBA02200905E82 /* factsTests */ = {
			isa = PBXNativeTarget;
			buildConfigurationList = 94A50A3D1ABBA02200905E82 /* Build configuration list for PBXNativeTarget "factsTests" */;
			buildPhases = (
				94A50A2C1ABBA02200905E82 /* Sources */,
				94A50A2D1ABBA02200905E82 /* Frameworks */,
				94A50A2E1ABBA02200905E82 /* Resources */,
			);
			buildRules = (
			);
			dependencies = (
				94A50A321ABBA02200905E82 /* PBXTargetDependency */,
			);
			name = factsTests;
			productName = factsTests;
			productReference = 94A50A301ABBA02200905E82 /* factsTests.xctest */;
			productType = "com.apple.product-type.bundle.unit-test";
		};
/* End PBXNativeTarget section */

/* Begin PBXProject section */
		94A50A0A1ABBA02100905E82 /* Project object */ = {
			isa = PBXProject;
			attributes = {
				LastUpgradeCheck = 0610;
				ORGANIZATIONNAME = 366;
				TargetAttributes = {
					94A50A111ABBA02100905E82 = {
						CreatedOnToolsVersion = 6.1.1;
					};
					94A50A2F1ABBA02200905E82 = {
						CreatedOnToolsVersion = 6.1.1;
						TestTargetID = 94A50A111ABBA02100905E82;
					};
				};
			};
			buildConfigurationList = 94A50A0D1ABBA02100905E82 /* Build configuration list for PBXProject "facts" */;
			compatibilityVersion = "Xcode 3.2";
			developmentRegion = English;
			hasScannedForEncodings = 0;
			knownRegions = (
				en,
				Base,
			);
			mainGroup = 94A50A091ABBA02100905E82;
			productRefGroup = 94A50A131ABBA02100905E82 /* Products */;
			projectDirPath = "";
			projectRoot = "";
			targets = (
				94A50A111ABBA02100905E82 /* facts */,
				94A50A2F1ABBA02200905E82 /* factsTests */,
			);
		};
/* End PBXProject section */

/* Begin PBXResourcesBuildPhase section */
		94A50A101ABBA02100905E82 /* Resources */ = {
			isa = PBXResourcesBuildPhase;
			buildActionMask = 2147483647;
			files = (
				94A50A871ABE7C5800905E82 /* wrong.mp3 in Resources */,
				94A50A7C1ABE7C5800905E82 /* ExitBtn.png in Resources */,
				94A50A811ABE7C5800905E82 /* transparentCenterBorder.png in Resources */,
				94A50A7B1ABE7C5800905E82 /* correct.png in Resources */,
				94A50A861ABE7C5800905E82 /* music.mp3 in Resources */,
				94A50A891ABE7F8000905E82 /* beep.mp3 in Resources */,
				94A50A7E1ABE7C5800905E82 /* OptionsBtn.png in Resources */,
				94A50A2B1ABBA02200905E82 /* LaunchScreen.xib in Resources */,
				94A50A661ABD6D0100905E82 /* LevelDescription.plist in Resources */,
				94A50A841ABE7C5800905E82 /* appleLogo.png in Resources */,
				94A50A851ABE7C5800905E82 /* hearth.png in Resources */,
				94A50A7A1ABE7C5800905E82 /* background.png in Resources */,
				94A50A791ABE7C5800905E82 /* back.png in Resources */,
				94A50A7D1ABE7C5800905E82 /* falseBtn.png in Resources */,
				94A50A831ABE7C5800905E82 /* wrong.png in Resources */,
				94A50A821ABE7C5800905E82 /* trueBtn.png in Resources */,
				94A50A281ABBA02200905E82 /* Images.xcassets in Resources */,
				94A50A7F1ABE7C5800905E82 /* right.mp3 in Resources */,
				94A50A201ABBA02100905E82 /* GameScene.sks in Resources */,
				94A50A261ABBA02100905E82 /* Main.storyboard in Resources */,
				94A50A801ABE7C5800905E82 /* StartBtn.png in Resources */,
			);
			runOnlyForDeploymentPostprocessing = 0;
		};
		94A50A2E1ABBA02200905E82 /* Resources */ = {
			isa = PBXResourcesBuildPhase;
			buildActionMask = 2147483647;
			files = (
			);
			runOnlyForDeploymentPostprocessing = 0;
		};
/* End PBXResourcesBuildPhase section */

/* Begin PBXSourcesBuildPhase section */
		94A50A0E1ABBA02100905E82 /* Sources */ = {
			isa = PBXSourcesBuildPhase;
			buildActionMask = 2147483647;
			files = (
				94A50A231ABBA02100905E82 /* GameViewController.m in Sources */,
				94A50A1B1ABBA02100905E82 /* AppDelegate.m in Sources */,
				94A50A1E1ABBA02100905E82 /* GameScene.m in Sources */,
				94A50A611ABCE54700905E82 /* OptionsScene.m in Sources */,
				94A50A691ABD7B4B00905E82 /* factObject.m in Sources */,
				94A50A641ABD2DB000905E82 /* LevelSelect.m in Sources */,
				94A50A181ABBA02100905E82 /* main.m in Sources */,
				94A50A5E1ABCE50000905E82 /* FactsScene.m in Sources */,
			);
			runOnlyForDeploymentPostprocessing = 0;
		};
		94A50A2C1ABBA02200905E82 /* Sources */ = {
			isa = PBXSourcesBuildPhase;
			buildActionMask = 2147483647;
			files = (
				94A50A371ABBA02200905E82 /* factsTests.m in Sources */,
			);
			runOnlyForDeploymentPostprocessing = 0;
		};
/* End PBXSourcesBuildPhase section */

/* Begin PBXTargetDependency section */
		94A50A321ABBA02200905E82 /* PBXTargetDependency */ = {
			isa = PBXTargetDependency;
			target = 94A50A111ABBA02100905E82 /* facts */;
			targetProxy = 94A50A311ABBA02200905E82 /* PBXContainerItemProxy */;
		};
/* End PBXTargetDependency section */

/* Begin PBXVariantGroup section */
		94A50A241ABBA02100905E82 /* Main.storyboard */ = {
			isa = PBXVariantGroup;
			children = (
				94A50A251ABBA02100905E82 /* Base */,
			);
			name = Main.storyboard;
			sourceTree = "<group>";
		};
		94A50A291ABBA02200905E82 /* LaunchScreen.xib */ = {
			isa = PBXVariantGroup;
			children = (
				94A50A2A1ABBA02200905E82 /* Base */,
			);
			name = LaunchScreen.xib;
			sourceTree = "<group>";
		};
/* End PBXVariantGroup section */

/* Begin XCBuildConfiguration section */
		94A50A381ABBA02200905E82 /* Debug */ = {
			isa = XCBuildConfiguration;
			buildSettings = {
				ALWAYS_SEARCH_USER_PATHS = NO;
				CLANG_CXX_LANGUAGE_STANDARD = "gnu++0x";
				CLANG_CXX_LIBRARY = "libc++";
				CLANG_ENABLE_MODULES = YES;
				CLANG_ENABLE_OBJC_ARC = YES;
				CLANG_WARN_BOOL_CONVERSION = YES;
				CLANG_WARN_CONSTANT_CONVERSION = YES;
				CLANG_WARN_DIRECT_OBJC_ISA_USAGE = YES_ERROR;
				CLANG_WARN_EMPTY_BODY = YES;
				CLANG_WARN_ENUM_CONVERSION = YES;
				CLANG_WARN_INT_CONVERSION = YES;
				CLANG_WARN_OBJC_ROOT_CLASS = YES_ERROR;
				CLANG_WARN_UNREACHABLE_CODE = YES;
				CLANG_WARN__DUPLICATE_METHOD_MATCH = YES;
				"CODE_SIGN_IDENTITY[sdk=iphoneos*]" = "iPhone Developer";
				COPY_PHASE_STRIP = NO;
				ENABLE_STRICT_OBJC_MSGSEND = YES;
				GCC_C_LANGUAGE_STANDARD = gnu99;
				GCC_DYNAMIC_NO_PIC = NO;
				GCC_OPTIMIZATION_LEVEL = 0;
				GCC_PREPROCESSOR_DEFINITIONS = (
					"DEBUG=1",
					"$(inherited)",
				);
				GCC_SYMBOLS_PRIVATE_EXTERN = NO;
				GCC_WARN_64_TO_32_BIT_CONVERSION = YES;
				GCC_WARN_ABOUT_RETURN_TYPE = YES_ERROR;
				GCC_WARN_UNDECLARED_SELECTOR = YES;
				GCC_WARN_UNINITIALIZED_AUTOS = YES_AGGRESSIVE;
				GCC_WARN_UNUSED_FUNCTION = YES;
				GCC_WARN_UNUSED_VARIABLE = YES;
				IPHONEOS_DEPLOYMENT_TARGET = 8.1;
				MTL_ENABLE_DEBUG_INFO = YES;
				ONLY_ACTIVE_ARCH = YES;
				SDKROOT = iphoneos;
				TARGETED_DEVICE_FAMILY = 2;
			};
			name = Debug;
		};
		94A50A391ABBA02200905E82 /* Release */ = {
			isa = XCBuildConfiguration;
			buildSettings = {
				ALWAYS_SEARCH_USER_PATHS = NO;
				CLANG_CXX_LANGUAGE_STANDARD = "gnu++0x";
				CLANG_CXX_LIBRARY = "libc++";
				CLANG_ENABLE_MODULES = YES;
				CLANG_ENABLE_OBJC_ARC = YES;
				CLANG_WARN_BOOL_CONVERSION = YES;
				CLANG_WARN_CONSTANT_CONVERSION = YES;
				CLANG_WARN_DIRECT_OBJC_ISA_USAGE = YES_ERROR;
				CLANG_WARN_EMPTY_BODY = YES;
				CLANG_WARN_ENUM_CONVERSION = YES;
				CLANG_WARN_INT_CONVERSION = YES;
				CLANG_WARN_OBJC_ROOT_CLASS = YES_ERROR;
				CLANG_WARN_UNREACHABLE_CODE = YES;
				CLANG_WARN__DUPLICATE_METHOD_MATCH = YES;
				"CODE_SIGN_IDENTITY[sdk=iphoneos*]" = "iPhone Developer";
				COPY_PHASE_STRIP = YES;
				ENABLE_NS_ASSERTIONS = NO;
				ENABLE_STRICT_OBJC_MSGSEND = YES;
				GCC_C_LANGUAGE_STANDARD = gnu99;
				GCC_WARN_64_TO_32_BIT_CONVERSION = YES;
				GCC_WARN_ABOUT_RETURN_TYPE = YES_ERROR;
				GCC_WARN_UNDECLARED_SELECTOR = YES;
				GCC_WARN_UNINITIALIZED_AUTOS = YES_AGGRESSIVE;
				GCC_WARN_UNUSED_FUNCTION = YES;
				GCC_WARN_UNUSED_VARIABLE = YES;
				IPHONEOS_DEPLOYMENT_TARGET = 8.1;
				MTL_ENABLE_DEBUG_INFO = NO;
				SDKROOT = iphoneos;
				TARGETED_DEVICE_FAMILY = 2;
				VALIDATE_PRODUCT = YES;
			};
			name = Release;
		};
		94A50A3B1ABBA02200905E82 /* Debug */ = {
			isa = XCBuildConfiguration;
			buildSettings = {
				ASSETCATALOG_COMPILER_APPICON_NAME = AppIcon;
				INFOPLIST_FILE = facts/Info.plist;
				LD_RUNPATH_SEARCH_PATHS = "$(inherited) @executable_path/Frameworks";
				PRODUCT_NAME = "$(TARGET_NAME)";
			};
			name = Debug;
		};
		94A50A3C1ABBA02200905E82 /* Release */ = {
			isa = XCBuildConfiguration;
			buildSettings = {
				ASSETCATALOG_COMPILER_APPICON_NAME = AppIcon;
				INFOPLIST_FILE = facts/Info.plist;
				LD_RUNPATH_SEARCH_PATHS = "$(inherited) @executable_path/Frameworks";
				PRODUCT_NAME = "$(TARGET_NAME)";
			};
			name = Release;
		};
		94A50A3E1ABBA02200905E82 /* Debug */ = {
			isa = XCBuildConfiguration;
			buildSettings = {
				BUNDLE_LOADER = "$(TEST_HOST)";
				FRAMEWORK_SEARCH_PATHS = (
					"$(SDKROOT)/Developer/Library/Frameworks",
					"$(inherited)",
				);
				GCC_PREPROCESSOR_DEFINITIONS = (
					"DEBUG=1",
					"$(inherited)",
				);
				INFOPLIST_FILE = factsTests/Info.plist;
				LD_RUNPATH_SEARCH_PATHS = "$(inherited) @executable_path/Frameworks @loader_path/Frameworks";
				PRODUCT_NAME = "$(TARGET_NAME)";
				TEST_HOST = "$(BUILT_PRODUCTS_DIR)/facts.app/facts";
			};
			name = Debug;
		};
		94A50A3F1ABBA02200905E82 /* Release */ = {
			isa = XCBuildConfiguration;
			buildSettings = {
				BUNDLE_LOADER = "$(TEST_HOST)";
				FRAMEWORK_SEARCH_PATHS = (
					"$(SDKROOT)/Developer/Library/Frameworks",
					"$(inherited)",
				);
				INFOPLIST_FILE = factsTests/Info.plist;
				LD_RUNPATH_SEARCH_PATHS = "$(inherited) @executable_path/Frameworks @loader_path/Frameworks";
				PRODUCT_NAME = "$(TARGET_NAME)";
				TEST_HOST = "$(BUILT_PRODUCTS_DIR)/facts.app/facts";
			};
			name = Release;
		};
/* End XCBuildConfiguration section */

/* Begin XCConfigurationList section */
		94A50A0D1ABBA02100905E82 /* Build configuration list for PBXProject "facts" */ = {
			isa = XCConfigurationList;
			buildConfigurations = (
				94A50A381ABBA02200905E82 /* Debug */,
				94A50A391ABBA02200905E82 /* Release */,
			);
			defaultConfigurationIsVisible = 0;
			defaultConfigurationName = Release;
		};
		94A50A3A1ABBA02200905E82 /* Build configuration list for PBXNativeTarget "facts" */ = {
			isa = XCConfigurationList;
			buildConfigurations = (
				94A50A3B1ABBA02200905E82 /* Debug */,
				94A50A3C1ABBA02200905E82 /* Release */,
			);
			defaultConfigurationIsVisible = 0;
		};
		94A50A3D1ABBA02200905E82 /* Build configuration list for PBXNativeTarget "factsTests" */ = {
			isa = XCConfigurationList;
			buildConfigurations = (
				94A50A3E1ABBA02200905E82 /* Debug */,
				94A50A3F1ABBA02200905E82 /* Release */,
			);
			defaultConfigurationIsVisible = 0;
		};
/* End XCConfigurationList section */
	};
	rootObject = 94A50A0A1ABBA02100905E82 /* Project object */;
}
